
Microsoft Visual Studio Solution File, Format Version 12.00
# Visual Studio Version 17
VisualStudioVersion = 17.8.34525.116
MinimumVisualStudioVersion = 10.0.40219.1
Project("{FAE04EC0-301F-11D3-BF4B-00C04F79EFBC}") = "TopLearn.Web", "TopLearn.Web\TopLearn.Web.csproj", "{EAF105FF-E473-4BCA-AA5F-5432BADD0F90}"
EndProject
Project("{FAE04EC0-301F-11D3-BF4B-00C04F79EFBC}") = "TopLearn.DataLayer", "TopLearn.DataLayer\TopLearn.DataLayer.csproj", "{8B9D31B2-D83A-4976-8178-DC2F09618535}"
EndProject
Project("{FAE04EC0-301F-11D3-BF4B-00C04F79EFBC}") = "TopLearn.Core", "TopLearn.Core\TopLearn.Core.csproj", "{1BAD5D1C-2DCB-4224-9F47-304E882F06CF}"
EndProject
Global
	GlobalSection(SolutionConfigurationPlatforms) = preSolution
		Debug|Any CPU = Debug|Any CPU
		Release|Any CPU = Release|Any CPU
	EndGlobalSection
	GlobalSection(ProjectConfigurationPlatforms) = postSolution
		{EAF105FF-E473-4BCA-AA5F-5432BADD0F90}.Debug|Any CPU.ActiveCfg = Debug|Any CPU
		{EAF105FF-E473-4BCA-AA5F-5432BADD0F90}.Debug|Any CPU.Build.0 = Debug|Any CPU
		{EAF105FF-E473-4BCA-AA5F-5432BADD0F90}.Release|Any CPU.ActiveCfg = Release|Any CPU
		{EAF105FF-E473-4BCA-AA5F-5432BADD0F90}.Release|Any CPU.Build.0 = Release|Any CPU
		{8B9D31B2-D83A-4976-8178-DC2F09618535}.Debug|Any CPU.ActiveCfg = Debug|Any CPU
		{8B9D31B2-D83A-4976-8178-DC2F09618535}.Debug|Any CPU.Build.0 = Debug|Any CPU
		{8B9D31B2-D83A-4976-8178-DC2F09618535}.Release|Any CPU.ActiveCfg = Release|Any CPU
		{8B9D31B2-D83A-4976-8178-DC2F09618535}.Release|Any CPU.Build.0 = Release|Any CPU
		{1BAD5D1C-2DCB-4224-9F47-304E882F06CF}.Debug|Any CPU.ActiveCfg = Debug|Any CPU
		{1BAD5D1C-2DCB-4224-9F47-304E882F06CF}.Debug|Any CPU.Build.0 = Debug|Any CPU
		{1BAD5D1C-2DCB-4224-9F47-304E882F06CF}.Release|Any CPU.ActiveCfg = Release|Any CPU
		{1BAD5D1C-2DCB-4224-9F47-304E882F06CF}.Release|Any CPU.Build.0 = Release|Any CPU
	EndGlobalSection
	GlobalSection(SolutionProperties) = preSolution
		HideSolutionNode = FALSE
	EndGlobalSection
	GlobalSection(ExtensibilityGlobals) = postSolution
		SolutionGuid = {2090B30E-66FE-48AB-A627-62BF38522F0C}
	EndGlobalSection
EndGlobal
